<?xml version="1.0" encoding="utf-8"?>
<Project ToolsVersion="4.0" xmlns="http://schemas.microsoft.com/developer/msbuild/2003">
  <ItemGroup>
    <Filter Include="Source Files">
      <UniqueIdentifier>{08b1046a-2f9d-45a2-8f90-ab158d1f3eb4}</UniqueIdentifier>
      <Extensions>cpp;c;cxx;rc;def;r;odl;idl;hpj;bat</Extensions>
    </Filter>
    <Filter Include="Resource Files">
      <UniqueIdentifier>{65628490-98fd-45f8-bb1a-0aa011cddc14}</UniqueIdentifier>
      <Extensions>ico;cur;bmp;dlg;rc2;rct;bin;rgs;gif;jpg;jpeg;jpe</Extensions>
    </Filter>
    <Filter Include="Header Files">
      <UniqueIdentifier>{c39320ca-7a95-4465-b67a-a59a49402913}</UniqueIdentifier>
      <Extensions>h;hpp;hxx;hm;inl</Extensions>
    </Filter>
    <Filter Include="Header Files\Algorithm">
      <UniqueIdentifier>{9afed608-9a47-4b94-93a2-e23407cdc61c}</UniqueIdentifier>
    </Filter>
    <Filter Include="Source Files\Algotithm">
      <UniqueIdentifier>{7b933b14-8559-42f5-95f3-ceec26d00476}</UniqueIdentifier>
    </Filter>
    <Filter Include="Header Files\Grabber &amp; Comm">
      <UniqueIdentifier>{bfd818a1-b828-4c2e-9624-d844b51a081f}</UniqueIdentifier>
    </Filter>
    <Filter Include="Source Files\Algotithm\Grabber &amp; Comm">
      <UniqueIdentifier>{25a023d3-9bf4-45f1-b0f6-4bde208e2775}</UniqueIdentifier>
    </Filter>
  </ItemGroup>
  <ItemGroup>
    <ClCompile Include="FAVION_LIB.cpp">
      <Filter>Source Files</Filter>
    </ClCompile>
    <ClCompile Include="StdAfx.cpp">
      <Filter>Source Files</Filter>
    </ClCompile>
    <ClCompile Include="LxBarCode.cpp">
      <Filter>Source Files\Algotithm</Filter>
    </ClCompile>
    <ClCompile Include="LxBga.cpp">
      <Filter>Source Files\Algotithm</Filter>
    </ClCompile>
    <ClCompile Include="LxEdge.cpp">
      <Filter>Source Files\Algotithm</Filter>
    </ClCompile>
    <ClCompile Include="LxBlob.cpp">
      <Filter>Source Files\Algotithm</Filter>
    </ClCompile>
    <ClCompile Include="LxBoundary.cpp">
      <Filter>Source Files\Algotithm</Filter>
    </ClCompile>
    <ClCompile Include="LxDoubleLine.cpp">
      <Filter>Source Files\Algotithm</Filter>
    </ClCompile>
    <ClCompile Include="LxDraw.cpp">
      <Filter>Source Files\Algotithm</Filter>
    </ClCompile>
    <ClCompile Include="LxFileUnit.cpp">
      <Filter>Source Files\Algotithm</Filter>
    </ClCompile>
    <ClCompile Include="LxType.cpp">
      <Filter>Source Files\Algotithm</Filter>
    </ClCompile>
    <ClCompile Include="LxFilter.cpp">
      <Filter>Source Files\Algotithm</Filter>
    </ClCompile>
    <ClCompile Include="LxFind.cpp">
      <Filter>Source Files\Algotithm</Filter>
    </ClCompile>
    <ClCompile Include="LxFitting.cpp">
      <Filter>Source Files\Algotithm</Filter>
    </ClCompile>
    <ClCompile Include="LxGdi.cpp">
      <Filter>Source Files\Algotithm</Filter>
    </ClCompile>
    <ClCompile Include="LxLine.cpp">
      <Filter>Source Files\Algotithm</Filter>
    </ClCompile>
    <ClCompile Include="LxLineDefect.cpp">
      <Filter>Source Files\Algotithm</Filter>
    </ClCompile>
    <ClCompile Include="LxMatch.cpp">
      <Filter>Source Files\Algotithm</Filter>
    </ClCompile>
    <ClCompile Include="LxMath.cpp">
      <Filter>Source Files\Algotithm</Filter>
    </ClCompile>
    <ClCompile Include="LxMatrixCode.cpp">
      <Filter>Source Files\Algotithm</Filter>
    </ClCompile>
    <ClCompile Include="LxOcr.cpp">
      <Filter>Source Files\Algotithm</Filter>
    </ClCompile>
    <ClCompile Include="LxPattern.cpp">
      <Filter>Source Files\Algotithm</Filter>
    </ClCompile>
    <ClCompile Include="LxPrint.cpp">
      <Filter>Source Files\Algotithm</Filter>
    </ClCompile>
    <ClCompile Include="LxTimer.cpp">
      <Filter>Source Files\Algotithm</Filter>
    </ClCompile>
    <ClCompile Include="LxTrace.cpp">
      <Filter>Source Files\Algotithm</Filter>
    </ClCompile>
    <ClCompile Include="Euresys.cpp">
      <Filter>Source Files\Algotithm\Grabber &amp; Comm</Filter>
    </ClCompile>
    <ClCompile Include="AjinIO.cpp">
      <Filter>Source Files\Algotithm\Grabber &amp; Comm</Filter>
    </ClCompile>
    <ClCompile Include="CActUtlType.cpp">
      <Filter>Source Files\Algotithm\Grabber &amp; Comm</Filter>
    </ClCompile>
    <ClCompile Include="CommSerial.cpp">
      <Filter>Source Files\Algotithm\Grabber &amp; Comm</Filter>
    </ClCompile>
    <ClCompile Include="CommThread.cpp">
      <Filter>Source Files\Algotithm\Grabber &amp; Comm</Filter>
    </ClCompile>
    <ClCompile Include="Mx.cpp">
      <Filter>Source Files\Algotithm\Grabber &amp; Comm</Filter>
    </ClCompile>
    <ClCompile Include="StackWalker.cpp">
      <Filter>Source Files</Filter>
    </ClCompile>
    <ClCompile Include="TheLogger.cpp">
      <Filter>Source Files</Filter>
    </ClCompile>
    <ClCompile Include="LxTemplateMatch.cpp">
      <Filter>Source Files\Algotithm</Filter>
    </ClCompile>
    <ClCompile Include="clipper.cpp">
      <Filter>Source Files</Filter>
    </ClCompile>
    <ClCompile Include="Shape.cpp">
      <Filter>Source Files</Filter>
    </ClCompile>
    <ClCompile Include="FM1xLineDefect.cpp">
      <Filter>Source Files\Algotithm</Filter>
    </ClCompile>
    <ClCompile Include="FM2xLineDefect.cpp">
      <Filter>Source Files\Algotithm</Filter>
    </ClCompile>
    <ClCompile Include="FM3xLineDefect.cpp">
      <Filter>Source Files\Algotithm</Filter>
    </ClCompile>
    <ClCompile Include="CSystemMon.cpp">
      <Filter>Source Files</Filter>
    </ClCompile>
    <ClCompile Include="LxCircle.cpp">
      <Filter>Source Files\Algotithm</Filter>
    </ClCompile>
    <ClCompile Include="FM14xLineDefect.cpp">
      <Filter>Source Files\Algotithm</Filter>
    </ClCompile>
    <ClCompile Include="FM15xLineDefect.cpp">
      <Filter>Source Files\Algotithm</Filter>
    </ClCompile>
  </ItemGroup>
  <ItemGroup>
    <ResourceCompile Include="FAVION_LIB.rc">
      <Filter>Source Files</Filter>
    </ResourceCompile>
  </ItemGroup>
  <ItemGroup>
    <ClInclude Include="Resource.h">
      <Filter>Header Files</Filter>
    </ClInclude>
    <ClInclude Include="StdAfx.h">
      <Filter>Header Files</Filter>
    </ClInclude>
    <ClInclude Include="LxBarCode.h">
      <Filter>Header Files\Algorithm</Filter>
    </ClInclude>
    <ClInclude Include="LxType.h">
      <Filter>Header Files\Algorithm</Filter>
    </ClInclude>
    <ClInclude Include="LxBga.h">
      <Filter>Header Files\Algorithm</Filter>
    </ClInclude>
    <ClInclude Include="LxBlob.h">
      <Filter>Header Files\Algorithm</Filter>
    </ClInclude>
    <ClInclude Include="LxBoundary.h">
      <Filter>Header Files\Algorithm</Filter>
    </ClInclude>
    <ClInclude Include="LxDoubleLine.h">
      <Filter>Header Files\Algorithm</Filter>
    </ClInclude>
    <ClInclude Include="LxDraw.h">
      <Filter>Header Files\Algorithm</Filter>
    </ClInclude>
    <ClInclude Include="LxEdge.h">
      <Filter>Header Files\Algorithm</Filter>
    </ClInclude>
    <ClInclude Include="LxFileUnit.h">
      <Filter>Header Files\Algorithm</Filter>
    </ClInclude>
    <ClInclude Include="LxFilter.h">
      <Filter>Header Files\Algorithm</Filter>
    </ClInclude>
    <ClInclude Include="LxFind.h">
      <Filter>Header Files\Algorithm</Filter>
    </ClInclude>
    <ClInclude Include="LxFitting.h">
      <Filter>Header Files\Algorithm</Filter>
    </ClInclude>
    <ClInclude Include="LxGdi.h">
      <Filter>Header Files\Algorithm</Filter>
    </ClInclude>
    <ClInclude Include="LxHeader.h">
      <Filter>Header Files\Algorithm</Filter>
    </ClInclude>
    <ClInclude Include="LxLine.h">
      <Filter>Header Files\Algorithm</Filter>
    </ClInclude>
    <ClInclude Include="LxLineDefect.h">
      <Filter>Header Files\Algorithm</Filter>
    </ClInclude>
    <ClInclude Include="LxMatch.h">
      <Filter>Header Files\Algorithm</Filter>
    </ClInclude>
    <ClInclude Include="LxMath.h">
      <Filter>Header Files\Algorithm</Filter>
    </ClInclude>
    <ClInclude Include="LxMatrixCode.h">
      <Filter>Header Files\Algorithm</Filter>
    </ClInclude>
    <ClInclude Include="LxOcr.h">
      <Filter>Header Files\Algorithm</Filter>
    </ClInclude>
    <ClInclude Include="LxPattern.h">
      <Filter>Header Files\Algorithm</Filter>
    </ClInclude>
    <ClInclude Include="LxPrint.h">
      <Filter>Header Files\Algorithm</Filter>
    </ClInclude>
    <ClInclude Include="LxTimer.h">
      <Filter>Header Files\Algorithm</Filter>
    </ClInclude>
    <ClInclude Include="LxTrace.h">
      <Filter>Header Files\Algorithm</Filter>
    </ClInclude>
    <ClInclude Include="Euresys.h">
      <Filter>Header Files\Grabber &amp; Comm</Filter>
    </ClInclude>
    <ClInclude Include="AjinIO.h">
      <Filter>Header Files\Grabber &amp; Comm</Filter>
    </ClInclude>
    <ClInclude Include="CActUtlType.h">
      <Filter>Header Files\Grabber &amp; Comm</Filter>
    </ClInclude>
    <ClInclude Include="CommSerial.h">
      <Filter>Header Files\Grabber &amp; Comm</Filter>
    </ClInclude>
    <ClInclude Include="CommThread.h">
      <Filter>Header Files\Grabber &amp; Comm</Filter>
    </ClInclude>
    <ClInclude Include="Mx.h">
      <Filter>Header Files\Grabber &amp; Comm</Filter>
    </ClInclude>
    <ClInclude Include="StackWalker.h">
      <Filter>Header Files</Filter>
    </ClInclude>
    <ClInclude Include="TheLogger.h">
      <Filter>Header Files</Filter>
    </ClInclude>
    <ClInclude Include="LxTemplateMatch.h">
      <Filter>Header Files\Algorithm</Filter>
    </ClInclude>
    <ClInclude Include="Shape.h">
      <Filter>Header Files</Filter>
    </ClInclude>
    <ClInclude Include="clipper.h">
      <Filter>Header Files</Filter>
    </ClInclude>
    <ClInclude Include="FM1xLineDefect.h">
      <Filter>Header Files\Algorithm</Filter>
    </ClInclude>
    <ClInclude Include="FM2xLineDefect.h">
      <Filter>Header Files\Algorithm</Filter>
    </ClInclude>
    <ClInclude Include="FM3xLineDefect.h">
      <Filter>Header Files\Algorithm</Filter>
    </ClInclude>
    <ClInclude Include="CSystemMon.h">
      <Filter>Header Files</Filter>
    </ClInclude>
    <ClInclude Include="LxCircle.h">
      <Filter>Header Files\Algorithm</Filter>
    </ClInclude>
    <ClInclude Include="FM14xLineDefect.h">
      <Filter>Header Files\Algorithm</Filter>
    </ClInclude>
    <ClInclude Include="FM15xLineDefect.h">
      <Filter>Header Files\Algorithm</Filter>
    </ClInclude>
  </ItemGroup>
  <ItemGroup>
    <CustomBuild Include="res\FAVION_LIB.rc2">
      <Filter>Resource Files</Filter>
    </CustomBuild>
    <CustomBuild Include="ReadMe.txt" />
  </ItemGroup>
</Project>